// !$*UTF8*$!
{
	archiveVersion = 1;
	classes = {
	};
	objectVersion = 46;
	objects = {

/* Begin PBXBuildFile section */
		30F3146D07151998C285D6C7 /* Pods_GYHelpToolsSwift.framework in Frameworks */ = {isa = PBXBuildFile; fileRef = EFFB59C9F3EEDACF9AD7826D /* Pods_GYHelpToolsSwift.framework */; };
		B70A368D1DED30CC00103F83 /* UIApplication+GYExtension.swift in Sources */ = {isa = PBXBuildFile; fileRef = B70A34FD1DED30CC00103F83 /* UIApplication+GYExtension.swift */; };
		B70A368E1DED30CC00103F83 /* UIButton+GYExtension.swift in Sources */ = {isa = PBXBuildFile; fileRef = B70A34FE1DED30CC00103F83 /* UIButton+GYExtension.swift */; };
		B70A368F1DED30CC00103F83 /* UIColor+GYExtension.swift in Sources */ = {isa = PBXBuildFile; fileRef = B70A34FF1DED30CC00103F83 /* UIColor+GYExtension.swift */; };
		B70A36901DED30CC00103F83 /* UIDevice+GYExtension.swift in Sources */ = {isa = PBXBuildFile; fileRef = B70A35001DED30CC00103F83 /* UIDevice+GYExtension.swift */; };
		B70A36911DED30CC00103F83 /* UIImage+GYExtension.swift in Sources */ = {isa = PBXBuildFile; fileRef = B70A35011DED30CC00103F83 /* UIImage+GYExtension.swift */; };
		B70A36921DED30CC00103F83 /* UIImageView+GYBlur.swift in Sources */ = {isa = PBXBuildFile; fileRef = B70A35021DED30CC00103F83 /* UIImageView+GYBlur.swift */; };
		B70A37E41DED30CD00103F83 /* UIView+GYExtension.swift in Sources */ = {isa = PBXBuildFile; fileRef = B70A368C1DED30CC00103F83 /* UIView+GYExtension.swift */; };
		B70A37E61DED439B00103F83 /* NSData+GYExtension.swift in Sources */ = {isa = PBXBuildFile; fileRef = B70A37E51DED439B00103F83 /* NSData+GYExtension.swift */; };
		B70A37E81DED456600103F83 /* NSDate+GYExtension.swift in Sources */ = {isa = PBXBuildFile; fileRef = B70A37E71DED456600103F83 /* NSDate+GYExtension.swift */; };
		B70A37EA1DED475800103F83 /* NSFileManager+GYExtension.swift in Sources */ = {isa = PBXBuildFile; fileRef = B70A37E91DED475800103F83 /* NSFileManager+GYExtension.swift */; };
		B70A37EC1DED48AD00103F83 /* String+GYExtension.swift in Sources */ = {isa = PBXBuildFile; fileRef = B70A37EB1DED48AD00103F83 /* String+GYExtension.swift */; };
		B70C9F211E9DF18700355180 /* User.swift in Sources */ = {isa = PBXBuildFile; fileRef = B70C9F201E9DF18700355180 /* User.swift */; };
		B70C9F271E9E039200355180 /* GYHTTPClient.swift in Sources */ = {isa = PBXBuildFile; fileRef = B70C9F261E9E039200355180 /* GYHTTPClient.swift */; };
		B70C9F291E9E040B00355180 /* GYHttpRequest.swift in Sources */ = {isa = PBXBuildFile; fileRef = B70C9F281E9E040B00355180 /* GYHttpRequest.swift */; };
		B70C9F2B1E9E047A00355180 /* GYHTTPParsable.swift in Sources */ = {isa = PBXBuildFile; fileRef = B70C9F2A1E9E047A00355180 /* GYHTTPParsable.swift */; };
		B70C9F2D1E9E228B00355180 /* GYNetWorking.swift in Sources */ = {isa = PBXBuildFile; fileRef = B70C9F2C1E9E228B00355180 /* GYNetWorking.swift */; };
		B7A507321DE5A13900787B99 /* AppDelegate.swift in Sources */ = {isa = PBXBuildFile; fileRef = B7A507311DE5A13900787B99 /* AppDelegate.swift */; };
		B7A507341DE5A13900787B99 /* ViewController.swift in Sources */ = {isa = PBXBuildFile; fileRef = B7A507331DE5A13900787B99 /* ViewController.swift */; };
		B7A507371DE5A13900787B99 /* Main.storyboard in Resources */ = {isa = PBXBuildFile; fileRef = B7A507351DE5A13900787B99 /* Main.storyboard */; };
		B7A507391DE5A13900787B99 /* Assets.xcassets in Resources */ = {isa = PBXBuildFile; fileRef = B7A507381DE5A13900787B99 /* Assets.xcassets */; };
		B7A5073C1DE5A13900787B99 /* LaunchScreen.storyboard in Resources */ = {isa = PBXBuildFile; fileRef = B7A5073A1DE5A13900787B99 /* LaunchScreen.storyboard */; };
		B7A507471DE5A13900787B99 /* GYHelpToolsSwiftTests.swift in Sources */ = {isa = PBXBuildFile; fileRef = B7A507461DE5A13900787B99 /* GYHelpToolsSwiftTests.swift */; };
		B7A507521DE5A13900787B99 /* GYHelpToolsSwiftUITests.swift in Sources */ = {isa = PBXBuildFile; fileRef = B7A507511DE5A13900787B99 /* GYHelpToolsSwiftUITests.swift */; };
		B7A685FC1EA0976E00E291F9 /* AccessTokenAdapter.swift in Sources */ = {isa = PBXBuildFile; fileRef = B7A685FB1EA0976E00E291F9 /* AccessTokenAdapter.swift */; };
		B7A685FE1EA09A6500E291F9 /* OAuth2Handler.swift in Sources */ = {isa = PBXBuildFile; fileRef = B7A685FD1EA09A6500E291F9 /* OAuth2Handler.swift */; };
		B7A686061EA0CBC700E291F9 /* ServiceApi.swift in Sources */ = {isa = PBXBuildFile; fileRef = B7A686051EA0CBC700E291F9 /* ServiceApi.swift */; };
		B7A686081EA0CC6900E291F9 /* Router.swift in Sources */ = {isa = PBXBuildFile; fileRef = B7A686071EA0CC6800E291F9 /* Router.swift */; };
		B7F4CFF41E14E62600BC94B5 /* GYTabBarViewController.swift in Sources */ = {isa = PBXBuildFile; fileRef = B7F4CFF31E14E62600BC94B5 /* GYTabBarViewController.swift */; };
		B7F4CFF71E14E65F00BC94B5 /* OneViewController.swift in Sources */ = {isa = PBXBuildFile; fileRef = B7F4CFF61E14E65F00BC94B5 /* OneViewController.swift */; };
		B7F4CFF91E14E66500BC94B5 /* TwoViewController.swift in Sources */ = {isa = PBXBuildFile; fileRef = B7F4CFF81E14E66500BC94B5 /* TwoViewController.swift */; };
		B7F4CFFB1E14E66A00BC94B5 /* ThreeViewController.swift in Sources */ = {isa = PBXBuildFile; fileRef = B7F4CFFA1E14E66A00BC94B5 /* ThreeViewController.swift */; };
		B7F4CFFD1E14E67200BC94B5 /* FourViewController.swift in Sources */ = {isa = PBXBuildFile; fileRef = B7F4CFFC1E14E67200BC94B5 /* FourViewController.swift */; };
		B7F4D0041E14E96A00BC94B5 /* DispatchQueue+GYExtension.swift in Sources */ = {isa = PBXBuildFile; fileRef = B7F4CFFF1E14E96A00BC94B5 /* DispatchQueue+GYExtension.swift */; };
		B7F4D0051E14E96A00BC94B5 /* GYNavigatiionBarTransition.swift in Sources */ = {isa = PBXBuildFile; fileRef = B7F4D0001E14E96A00BC94B5 /* GYNavigatiionBarTransition.swift */; };
		B7F4D0061E14E96A00BC94B5 /* GYSwizzle.swift in Sources */ = {isa = PBXBuildFile; fileRef = B7F4D0011E14E96A00BC94B5 /* GYSwizzle.swift */; };
		B7F4D0071E14E96A00BC94B5 /* GYWeakObjectContainer.swift in Sources */ = {isa = PBXBuildFile; fileRef = B7F4D0021E14E96A00BC94B5 /* GYWeakObjectContainer.swift */; };
		B7F4D0081E14E96A00BC94B5 /* UIViewController+GYNavigationBarTransition.swift in Sources */ = {isa = PBXBuildFile; fileRef = B7F4D0031E14E96A00BC94B5 /* UIViewController+GYNavigationBarTransition.swift */; };
		B7F4D00A1E14E97400BC94B5 /* GYNavViewController.swift in Sources */ = {isa = PBXBuildFile; fileRef = B7F4D0091E14E97400BC94B5 /* GYNavViewController.swift */; };
		B7F4D00C1E14EEB200BC94B5 /* NextViewController.swift in Sources */ = {isa = PBXBuildFile; fileRef = B7F4D00B1E14EEB200BC94B5 /* NextViewController.swift */; };
/* End PBXBuildFile section */

/* Begin PBXContainerItemProxy section */
		B7A507431DE5A13900787B99 /* PBXContainerItemProxy */ = {
			isa = PBXContainerItemProxy;
			containerPortal = B7A507261DE5A13900787B99 /* Project object */;
			proxyType = 1;
			remoteGlobalIDString = B7A5072D1DE5A13900787B99;
			remoteInfo = GYHelpToolsSwift;
		};
		B7A5074E1DE5A13900787B99 /* PBXContainerItemProxy */ = {
			isa = PBXContainerItemProxy;
			containerPortal = B7A507261DE5A13900787B99 /* Project object */;
			proxyType = 1;
			remoteGlobalIDString = B7A5072D1DE5A13900787B99;
			remoteInfo = GYHelpToolsSwift;
		};
/* End PBXContainerItemProxy section */

/* Begin PBXFileReference section */
		5B57BBC7722ADC7E1C972115 /* Pods-GYHelpToolsSwift.debug.xcconfig */ = {isa = PBXFileReference; includeInIndex = 1; lastKnownFileType = text.xcconfig; name = "Pods-GYHelpToolsSwift.debug.xcconfig"; path = "Pods/Target Support Files/Pods-GYHelpToolsSwift/Pods-GYHelpToolsSwift.debug.xcconfig"; sourceTree = "<group>"; };
		B70A34FD1DED30CC00103F83 /* UIApplication+GYExtension.swift */ = {isa = PBXFileReference; fileEncoding = 4; lastKnownFileType = sourcecode.swift; path = "UIApplication+GYExtension.swift"; sourceTree = "<group>"; };
		B70A34FE1DED30CC00103F83 /* UIButton+GYExtension.swift */ = {isa = PBXFileReference; fileEncoding = 4; lastKnownFileType = sourcecode.swift; path = "UIButton+GYExtension.swift"; sourceTree = "<group>"; };
		B70A34FF1DED30CC00103F83 /* UIColor+GYExtension.swift */ = {isa = PBXFileReference; fileEncoding = 4; lastKnownFileType = sourcecode.swift; path = "UIColor+GYExtension.swift"; sourceTree = "<group>"; };
		B70A35001DED30CC00103F83 /* UIDevice+GYExtension.swift */ = {isa = PBXFileReference; fileEncoding = 4; lastKnownFileType = sourcecode.swift; path = "UIDevice+GYExtension.swift"; sourceTree = "<group>"; };
		B70A35011DED30CC00103F83 /* UIImage+GYExtension.swift */ = {isa = PBXFileReference; fileEncoding = 4; lastKnownFileType = sourcecode.swift; path = "UIImage+GYExtension.swift"; sourceTree = "<group>"; };
		B70A35021DED30CC00103F83 /* UIImageView+GYBlur.swift */ = {isa = PBXFileReference; fileEncoding = 4; lastKnownFileType = sourcecode.swift; path = "UIImageView+GYBlur.swift"; sourceTree = "<group>"; };
		B70A368C1DED30CC00103F83 /* UIView+GYExtension.swift */ = {isa = PBXFileReference; fileEncoding = 4; lastKnownFileType = sourcecode.swift; path = "UIView+GYExtension.swift"; sourceTree = "<group>"; };
		B70A37E51DED439B00103F83 /* NSData+GYExtension.swift */ = {isa = PBXFileReference; fileEncoding = 4; lastKnownFileType = sourcecode.swift; path = "NSData+GYExtension.swift"; sourceTree = "<group>"; };
		B70A37E71DED456600103F83 /* NSDate+GYExtension.swift */ = {isa = PBXFileReference; fileEncoding = 4; lastKnownFileType = sourcecode.swift; path = "NSDate+GYExtension.swift"; sourceTree = "<group>"; };
		B70A37E91DED475800103F83 /* NSFileManager+GYExtension.swift */ = {isa = PBXFileReference; fileEncoding = 4; lastKnownFileType = sourcecode.swift; path = "NSFileManager+GYExtension.swift"; sourceTree = "<group>"; };
		B70A37EB1DED48AD00103F83 /* String+GYExtension.swift */ = {isa = PBXFileReference; fileEncoding = 4; lastKnownFileType = sourcecode.swift; path = "String+GYExtension.swift"; sourceTree = "<group>"; };
		B70C9F201E9DF18700355180 /* User.swift */ = {isa = PBXFileReference; fileEncoding = 4; lastKnownFileType = sourcecode.swift; path = User.swift; sourceTree = "<group>"; };
		B70C9F261E9E039200355180 /* GYHTTPClient.swift */ = {isa = PBXFileReference; fileEncoding = 4; lastKnownFileType = sourcecode.swift; path = GYHTTPClient.swift; sourceTree = "<group>"; };
		B70C9F281E9E040B00355180 /* GYHttpRequest.swift */ = {isa = PBXFileReference; fileEncoding = 4; lastKnownFileType = sourcecode.swift; path = GYHttpRequest.swift; sourceTree = "<group>"; };
		B70C9F2A1E9E047A00355180 /* GYHTTPParsable.swift */ = {isa = PBXFileReference; fileEncoding = 4; lastKnownFileType = sourcecode.swift; path = GYHTTPParsable.swift; sourceTree = "<group>"; };
		B70C9F2C1E9E228B00355180 /* GYNetWorking.swift */ = {isa = PBXFileReference; fileEncoding = 4; lastKnownFileType = sourcecode.swift; path = GYNetWorking.swift; sourceTree = "<group>"; };
		B7A5072E1DE5A13900787B99 /* GYHelpToolsSwift.app */ = {isa = PBXFileReference; explicitFileType = wrapper.application; includeInIndex = 0; path = GYHelpToolsSwift.app; sourceTree = BUILT_PRODUCTS_DIR; };
		B7A507311DE5A13900787B99 /* AppDelegate.swift */ = {isa = PBXFileReference; lastKnownFileType = sourcecode.swift; path = AppDelegate.swift; sourceTree = "<group>"; };
		B7A507331DE5A13900787B99 /* ViewController.swift */ = {isa = PBXFileReference; lastKnownFileType = sourcecode.swift; path = ViewController.swift; sourceTree = "<group>"; };
		B7A507361DE5A13900787B99 /* Base */ = {isa = PBXFileReference; lastKnownFileType = file.storyboard; name = Base; path = Base.lproj/Main.storyboard; sourceTree = "<group>"; };
		B7A507381DE5A13900787B99 /* Assets.xcassets */ = {isa = PBXFileReference; lastKnownFileType = folder.assetcatalog; path = Assets.xcassets; sourceTree = "<group>"; };
		B7A5073B1DE5A13900787B99 /* Base */ = {isa = PBXFileReference; lastKnownFileType = file.storyboard; name = Base; path = Base.lproj/LaunchScreen.storyboard; sourceTree = "<group>"; };
		B7A5073D1DE5A13900787B99 /* Info.plist */ = {isa = PBXFileReference; lastKnownFileType = text.plist.xml; path = Info.plist; sourceTree = "<group>"; };
		B7A507421DE5A13900787B99 /* GYHelpToolsSwiftTests.xctest */ = {isa = PBXFileReference; explicitFileType = wrapper.cfbundle; includeInIndex = 0; path = GYHelpToolsSwiftTests.xctest; sourceTree = BUILT_PRODUCTS_DIR; };
		B7A507461DE5A13900787B99 /* GYHelpToolsSwiftTests.swift */ = {isa = PBXFileReference; lastKnownFileType = sourcecode.swift; path = GYHelpToolsSwiftTests.swift; sourceTree = "<group>"; };
		B7A507481DE5A13900787B99 /* Info.plist */ = {isa = PBXFileReference; lastKnownFileType = text.plist.xml; path = Info.plist; sourceTree = "<group>"; };
		B7A5074D1DE5A13900787B99 /* GYHelpToolsSwiftUITests.xctest */ = {isa = PBXFileReference; explicitFileType = wrapper.cfbundle; includeInIndex = 0; path = GYHelpToolsSwiftUITests.xctest; sourceTree = BUILT_PRODUCTS_DIR; };
		B7A507511DE5A13900787B99 /* GYHelpToolsSwiftUITests.swift */ = {isa = PBXFileReference; lastKnownFileType = sourcecode.swift; path = GYHelpToolsSwiftUITests.swift; sourceTree = "<group>"; };
		B7A507531DE5A13900787B99 /* Info.plist */ = {isa = PBXFileReference; lastKnownFileType = text.plist.xml; path = Info.plist; sourceTree = "<group>"; };
		B7A685FB1EA0976E00E291F9 /* AccessTokenAdapter.swift */ = {isa = PBXFileReference; fileEncoding = 4; lastKnownFileType = sourcecode.swift; path = AccessTokenAdapter.swift; sourceTree = "<group>"; };
		B7A685FD1EA09A6500E291F9 /* OAuth2Handler.swift */ = {isa = PBXFileReference; fileEncoding = 4; lastKnownFileType = sourcecode.swift; path = OAuth2Handler.swift; sourceTree = "<group>"; };
		B7A686051EA0CBC700E291F9 /* ServiceApi.swift */ = {isa = PBXFileReference; fileEncoding = 4; lastKnownFileType = sourcecode.swift; path = ServiceApi.swift; sourceTree = "<group>"; };
		B7A686071EA0CC6800E291F9 /* Router.swift */ = {isa = PBXFileReference; fileEncoding = 4; lastKnownFileType = sourcecode.swift; path = Router.swift; sourceTree = "<group>"; };
		B7F4CFF31E14E62600BC94B5 /* GYTabBarViewController.swift */ = {isa = PBXFileReference; fileEncoding = 4; lastKnownFileType = sourcecode.swift; path = GYTabBarViewController.swift; sourceTree = "<group>"; };
		B7F4CFF61E14E65F00BC94B5 /* OneViewController.swift */ = {isa = PBXFileReference; fileEncoding = 4; lastKnownFileType = sourcecode.swift; path = OneViewController.swift; sourceTree = "<group>"; };
		B7F4CFF81E14E66500BC94B5 /* TwoViewController.swift */ = {isa = PBXFileReference; fileEncoding = 4; lastKnownFileType = sourcecode.swift; path = TwoViewController.swift; sourceTree = "<group>"; };
		B7F4CFFA1E14E66A00BC94B5 /* ThreeViewController.swift */ = {isa = PBXFileReference; fileEncoding = 4; lastKnownFileType = sourcecode.swift; path = ThreeViewController.swift; sourceTree = "<group>"; };
		B7F4CFFC1E14E67200BC94B5 /* FourViewController.swift */ = {isa = PBXFileReference; fileEncoding = 4; lastKnownFileType = sourcecode.swift; path = FourViewController.swift; sourceTree = "<group>"; };
		B7F4CFFF1E14E96A00BC94B5 /* DispatchQueue+GYExtension.swift */ = {isa = PBXFileReference; fileEncoding = 4; lastKnownFileType = sourcecode.swift; path = "DispatchQueue+GYExtension.swift"; sourceTree = "<group>"; };
		B7F4D0001E14E96A00BC94B5 /* GYNavigatiionBarTransition.swift */ = {isa = PBXFileReference; fileEncoding = 4; lastKnownFileType = sourcecode.swift; path = GYNavigatiionBarTransition.swift; sourceTree = "<group>"; };
		B7F4D0011E14E96A00BC94B5 /* GYSwizzle.swift */ = {isa = PBXFileReference; fileEncoding = 4; lastKnownFileType = sourcecode.swift; path = GYSwizzle.swift; sourceTree = "<group>"; };
		B7F4D0021E14E96A00BC94B5 /* GYWeakObjectContainer.swift */ = {isa = PBXFileReference; fileEncoding = 4; lastKnownFileType = sourcecode.swift; path = GYWeakObjectContainer.swift; sourceTree = "<group>"; };
		B7F4D0031E14E96A00BC94B5 /* UIViewController+GYNavigationBarTransition.swift */ = {isa = PBXFileReference; fileEncoding = 4; lastKnownFileType = sourcecode.swift; path = "UIViewController+GYNavigationBarTransition.swift"; sourceTree = "<group>"; };
		B7F4D0091E14E97400BC94B5 /* GYNavViewController.swift */ = {isa = PBXFileReference; fileEncoding = 4; lastKnownFileType = sourcecode.swift; path = GYNavViewController.swift; sourceTree = "<group>"; };
		B7F4D00B1E14EEB200BC94B5 /* NextViewController.swift */ = {isa = PBXFileReference; fileEncoding = 4; lastKnownFileType = sourcecode.swift; path = NextViewController.swift; sourceTree = "<group>"; };
		E457FC8BE957D515A5C7C575 /* Pods-GYHelpToolsSwift.release.xcconfig */ = {isa = PBXFileReference; includeInIndex = 1; lastKnownFileType = text.xcconfig; name = "Pods-GYHelpToolsSwift.release.xcconfig"; path = "Pods/Target Support Files/Pods-GYHelpToolsSwift/Pods-GYHelpToolsSwift.release.xcconfig"; sourceTree = "<group>"; };
		EFFB59C9F3EEDACF9AD7826D /* Pods_GYHelpToolsSwift.framework */ = {isa = PBXFileReference; explicitFileType = wrapper.framework; includeInIndex = 0; path = Pods_GYHelpToolsSwift.framework; sourceTree = BUILT_PRODUCTS_DIR; };
/* End PBXFileReference section */

/* Begin PBXFrameworksBuildPhase section */
		B7A5072B1DE5A13900787B99 /* Frameworks */ = {
			isa = PBXFrameworksBuildPhase;
			buildActionMask = 2147483647;
			files = (
				30F3146D07151998C285D6C7 /* Pods_GYHelpToolsSwift.framework in Frameworks */,
			);
			runOnlyForDeploymentPostprocessing = 0;
		};
		B7A5073F1DE5A13900787B99 /* Frameworks */ = {
			isa = PBXFrameworksBuildPhase;
			buildActionMask = 2147483647;
			files = (
			);
			runOnlyForDeploymentPostprocessing = 0;
		};
		B7A5074A1DE5A13900787B99 /* Frameworks */ = {
			isa = PBXFrameworksBuildPhase;
			buildActionMask = 2147483647;
			files = (
			);
			runOnlyForDeploymentPostprocessing = 0;
		};
/* End PBXFrameworksBuildPhase section */

/* Begin PBXGroup section */
		B70A34FB1DED307000103F83 /* Foundation+GYExtension */ = {
			isa = PBXGroup;
			children = (
				B70A37E51DED439B00103F83 /* NSData+GYExtension.swift */,
				B70A37E71DED456600103F83 /* NSDate+GYExtension.swift */,
				B70A37E91DED475800103F83 /* NSFileManager+GYExtension.swift */,
				B70A37EB1DED48AD00103F83 /* String+GYExtension.swift */,
			);
			path = "Foundation+GYExtension";
			sourceTree = "<group>";
		};
		B70A34FC1DED30CC00103F83 /* UIView+GYExtension */ = {
			isa = PBXGroup;
			children = (
				B70A34FD1DED30CC00103F83 /* UIApplication+GYExtension.swift */,
				B70A34FE1DED30CC00103F83 /* UIButton+GYExtension.swift */,
				B70A34FF1DED30CC00103F83 /* UIColor+GYExtension.swift */,
				B70A35001DED30CC00103F83 /* UIDevice+GYExtension.swift */,
				B70A35011DED30CC00103F83 /* UIImage+GYExtension.swift */,
				B70A35021DED30CC00103F83 /* UIImageView+GYBlur.swift */,
				B70A368C1DED30CC00103F83 /* UIView+GYExtension.swift */,
			);
			path = "UIView+GYExtension";
			sourceTree = "<group>";
		};
		B70C9F251E9E037C00355180 /* NetWork */ = {
			isa = PBXGroup;
			children = (
				B70C9F261E9E039200355180 /* GYHTTPClient.swift */,
				B70C9F281E9E040B00355180 /* GYHttpRequest.swift */,
				B70C9F2A1E9E047A00355180 /* GYHTTPParsable.swift */,
				B70C9F2C1E9E228B00355180 /* GYNetWorking.swift */,
				B7A685FB1EA0976E00E291F9 /* AccessTokenAdapter.swift */,
				B7A685FD1EA09A6500E291F9 /* OAuth2Handler.swift */,
				B7A686051EA0CBC700E291F9 /* ServiceApi.swift */,
				B7A686071EA0CC6800E291F9 /* Router.swift */,
			);
			path = NetWork;
			sourceTree = "<group>";
		};
		B7A507251DE5A13900787B99 = {
			isa = PBXGroup;
			children = (
				B7A507301DE5A13900787B99 /* GYHelpToolsSwift */,
				B7A507451DE5A13900787B99 /* GYHelpToolsSwiftTests */,
				B7A507501DE5A13900787B99 /* GYHelpToolsSwiftUITests */,
				B7A5072F1DE5A13900787B99 /* Products */,
				FB78930AFB5D486BD84E7E91 /* Pods */,
				F47C9E8EB83FA540E0F369A0 /* Frameworks */,
			);
			sourceTree = "<group>";
		};
		B7A5072F1DE5A13900787B99 /* Products */ = {
			isa = PBXGroup;
			children = (
				B7A5072E1DE5A13900787B99 /* GYHelpToolsSwift.app */,
				B7A507421DE5A13900787B99 /* GYHelpToolsSwiftTests.xctest */,
				B7A5074D1DE5A13900787B99 /* GYHelpToolsSwiftUITests.xctest */,
			);
			name = Products;
			sourceTree = "<group>";
		};
		B7A507301DE5A13900787B99 /* GYHelpToolsSwift */ = {
			isa = PBXGroup;
			children = (
				B70C9F251E9E037C00355180 /* NetWork */,
				B7F4CFFE1E14E96A00BC94B5 /* GYNav */,
				B7F4CFF51E14E64C00BC94B5 /* DemoVc */,
				B7F4CFF21E14E61300BC94B5 /* GYTabbar */,
				B70A34FC1DED30CC00103F83 /* UIView+GYExtension */,
				B70A34FB1DED307000103F83 /* Foundation+GYExtension */,
				B7A507311DE5A13900787B99 /* AppDelegate.swift */,
				B7A507331DE5A13900787B99 /* ViewController.swift */,
				B70C9F201E9DF18700355180 /* User.swift */,
				B7A507351DE5A13900787B99 /* Main.storyboard */,
				B7A507381DE5A13900787B99 /* Assets.xcassets */,
				B7A5073A1DE5A13900787B99 /* LaunchScreen.storyboard */,
				B7A5073D1DE5A13900787B99 /* Info.plist */,
			);
			path = GYHelpToolsSwift;
			sourceTree = "<group>";
		};
		B7A507451DE5A13900787B99 /* GYHelpToolsSwiftTests */ = {
			isa = PBXGroup;
			children = (
				B7A507461DE5A13900787B99 /* GYHelpToolsSwiftTests.swift */,
				B7A507481DE5A13900787B99 /* Info.plist */,
			);
			path = GYHelpToolsSwiftTests;
			sourceTree = "<group>";
		};
		B7A507501DE5A13900787B99 /* GYHelpToolsSwiftUITests */ = {
			isa = PBXGroup;
			children = (
				B7A507511DE5A13900787B99 /* GYHelpToolsSwiftUITests.swift */,
				B7A507531DE5A13900787B99 /* Info.plist */,
			);
			path = GYHelpToolsSwiftUITests;
			sourceTree = "<group>";
		};
		B7F4CFF21E14E61300BC94B5 /* GYTabbar */ = {
			isa = PBXGroup;
			children = (
				B7F4D0091E14E97400BC94B5 /* GYNavViewController.swift */,
				B7F4CFF31E14E62600BC94B5 /* GYTabBarViewController.swift */,
			);
			path = GYTabbar;
			sourceTree = "<group>";
		};
		B7F4CFF51E14E64C00BC94B5 /* DemoVc */ = {
			isa = PBXGroup;
			children = (
				B7F4CFF61E14E65F00BC94B5 /* OneViewController.swift */,
				B7F4CFF81E14E66500BC94B5 /* TwoViewController.swift */,
				B7F4CFFA1E14E66A00BC94B5 /* ThreeViewController.swift */,
				B7F4CFFC1E14E67200BC94B5 /* FourViewController.swift */,
				B7F4D00B1E14EEB200BC94B5 /* NextViewController.swift */,
			);
			path = DemoVc;
			sourceTree = "<group>";
		};
		B7F4CFFE1E14E96A00BC94B5 /* GYNav */ = {
			isa = PBXGroup;
			children = (
				B7F4CFFF1E14E96A00BC94B5 /* DispatchQueue+GYExtension.swift */,
				B7F4D0001E14E96A00BC94B5 /* GYNavigatiionBarTransition.swift */,
				B7F4D0011E14E96A00BC94B5 /* GYSwizzle.swift */,
				B7F4D0021E14E96A00BC94B5 /* GYWeakObjectContainer.swift */,
				B7F4D0031E14E96A00BC94B5 /* UIViewController+GYNavigationBarTransition.swift */,
			);
			path = GYNav;
			sourceTree = "<group>";
		};
		F47C9E8EB83FA540E0F369A0 /* Frameworks */ = {
			isa = PBXGroup;
			children = (
				EFFB59C9F3EEDACF9AD7826D /* Pods_GYHelpToolsSwift.framework */,
			);
			name = Frameworks;
			sourceTree = "<group>";
		};
		FB78930AFB5D486BD84E7E91 /* Pods */ = {
			isa = PBXGroup;
			children = (
				5B57BBC7722ADC7E1C972115 /* Pods-GYHelpToolsSwift.debug.xcconfig */,
				E457FC8BE957D515A5C7C575 /* Pods-GYHelpToolsSwift.release.xcconfig */,
			);
			name = Pods;
			sourceTree = "<group>";
		};
/* End PBXGroup section */

/* Begin PBXNativeTarget section */
		B7A5072D1DE5A13900787B99 /* GYHelpToolsSwift */ = {
			isa = PBXNativeTarget;
			buildConfigurationList = B7A507561DE5A13900787B99 /* Build configuration list for PBXNativeTarget "GYHelpToolsSwift" */;
			buildPhases = (
				249414B744392261DDEB58F7 /* [CP] Check Pods Manifest.lock */,
				B7A5072A1DE5A13900787B99 /* Sources */,
				B7A5072B1DE5A13900787B99 /* Frameworks */,
				B7A5072C1DE5A13900787B99 /* Resources */,
				59C1F67151EBF1D54C3E46E2 /* [CP] Embed Pods Frameworks */,
				137F7911AD29BC50EE5719AE /* [CP] Copy Pods Resources */,
			);
			buildRules = (
			);
			dependencies = (
			);
			name = GYHelpToolsSwift;
			productName = GYHelpToolsSwift;
			productReference = B7A5072E1DE5A13900787B99 /* GYHelpToolsSwift.app */;
			productType = "com.apple.product-type.application";
		};
		B7A507411DE5A13900787B99 /* GYHelpToolsSwiftTests */ = {
			isa = PBXNativeTarget;
			buildConfigurationList = B7A507591DE5A13900787B99 /* Build configuration list for PBXNativeTarget "GYHelpToolsSwiftTests" */;
			buildPhases = (
				B7A5073E1DE5A13900787B99 /* Sources */,
				B7A5073F1DE5A13900787B99 /* Frameworks */,
				B7A507401DE5A13900787B99 /* Resources */,
			);
			buildRules = (
			);
			dependencies = (
				B7A507441DE5A13900787B99 /* PBXTargetDependency */,
			);
			name = GYHelpToolsSwiftTests;
			productName = GYHelpToolsSwiftTests;
			productReference = B7A507421DE5A13900787B99 /* GYHelpToolsSwiftTests.xctest */;
			productType = "com.apple.product-type.bundle.unit-test";
		};
		B7A5074C1DE5A13900787B99 /* GYHelpToolsSwiftUITests */ = {
			isa = PBXNativeTarget;
			buildConfigurationList = B7A5075C1DE5A13900787B99 /* Build configuration list for PBXNativeTarget "GYHelpToolsSwiftUITests" */;
			buildPhases = (
				B7A507491DE5A13900787B99 /* Sources */,
				B7A5074A1DE5A13900787B99 /* Frameworks */,
				B7A5074B1DE5A13900787B99 /* Resources */,
			);
			buildRules = (
			);
			dependencies = (
				B7A5074F1DE5A13900787B99 /* PBXTargetDependency */,
			);
			name = GYHelpToolsSwiftUITests;
			productName = GYHelpToolsSwiftUITests;
			productReference = B7A5074D1DE5A13900787B99 /* GYHelpToolsSwiftUITests.xctest */;
			productType = "com.apple.product-type.bundle.ui-testing";
		};
/* End PBXNativeTarget section */

/* Begin PBXProject section */
		B7A507261DE5A13900787B99 /* Project object */ = {
			isa = PBXProject;
			attributes = {
				LastSwiftUpdateCheck = 0800;
				LastUpgradeCheck = 0800;
				ORGANIZATIONNAME = Giant;
				TargetAttributes = {
					B7A5072D1DE5A13900787B99 = {
						CreatedOnToolsVersion = 8.0;
						DevelopmentTeam = UZZG6NM74T;
						ProvisioningStyle = Automatic;
					};
					B7A507411DE5A13900787B99 = {
						CreatedOnToolsVersion = 8.0;
						DevelopmentTeam = NFC68K2BKB;
						ProvisioningStyle = Automatic;
						TestTargetID = B7A5072D1DE5A13900787B99;
					};
					B7A5074C1DE5A13900787B99 = {
						CreatedOnToolsVersion = 8.0;
						DevelopmentTeam = NFC68K2BKB;
						ProvisioningStyle = Automatic;
						TestTargetID = B7A5072D1DE5A13900787B99;
					};
				};
			};
			buildConfigurationList = B7A507291DE5A13900787B99 /* Build configuration list for PBXProject "GYHelpToolsSwift" */;
			compatibilityVersion = "Xcode 3.2";
			developmentRegion = English;
			hasScannedForEncodings = 0;
			knownRegions = (
				en,
				Base,
			);
			mainGroup = B7A507251DE5A13900787B99;
			productRefGroup = B7A5072F1DE5A13900787B99 /* Products */;
			projectDirPath = "";
			projectRoot = "";
			targets = (
				B7A5072D1DE5A13900787B99 /* GYHelpToolsSwift */,
				B7A507411DE5A13900787B99 /* GYHelpToolsSwiftTests */,
				B7A5074C1DE5A13900787B99 /* GYHelpToolsSwiftUITests */,
			);
		};
/* End PBXProject section */

/* Begin PBXResourcesBuildPhase section */
		B7A5072C1DE5A13900787B99 /* Resources */ = {
			isa = PBXResourcesBuildPhase;
			buildActionMask = 2147483647;
			files = (
				B7A5073C1DE5A13900787B99 /* LaunchScreen.storyboard in Resources */,
				B7A507391DE5A13900787B99 /* Assets.xcassets in Resources */,
				B7A507371DE5A13900787B99 /* Main.storyboard in Resources */,
			);
			runOnlyForDeploymentPostprocessing = 0;
		};
		B7A507401DE5A13900787B99 /* Resources */ = {
			isa = PBXResourcesBuildPhase;
			buildActionMask = 2147483647;
			files = (
			);
			runOnlyForDeploymentPostprocessing = 0;
		};
		B7A5074B1DE5A13900787B99 /* Resources */ = {
			isa = PBXResourcesBuildPhase;
			buildActionMask = 2147483647;
			files = (
			);
			runOnlyForDeploymentPostprocessing = 0;
		};
/* End PBXResourcesBuildPhase section */

/* Begin PBXShellScriptBuildPhase section */
		137F7911AD29BC50EE5719AE /* [CP] Copy Pods Resources */ = {
			isa = PBXShellScriptBuildPhase;
			buildActionMask = 2147483647;
			files = (
			);
			inputPaths = (
			);
			name = "[CP] Copy Pods Resources";
			outputPaths = (
			);
			runOnlyForDeploymentPostprocessing = 0;
			shellPath = /bin/sh;
			shellScript = "\"${SRCROOT}/Pods/Target Support Files/Pods-GYHelpToolsSwift/Pods-GYHelpToolsSwift-resources.sh\"\n";
			showEnvVarsInLog = 0;
		};
		249414B744392261DDEB58F7 /* [CP] Check Pods Manifest.lock */ = {
			isa = PBXShellScriptBuildPhase;
			buildActionMask = 2147483647;
			files = (
			);
			inputPaths = (
			);
			name = "[CP] Check Pods Manifest.lock";
			outputPaths = (
			);
			runOnlyForDeploymentPostprocessing = 0;
			shellPath = /bin/sh;
			shellScript = "diff \"${PODS_ROOT}/../Podfile.lock\" \"${PODS_ROOT}/Manifest.lock\" > /dev/null\nif [ $? != 0 ] ; then\n    # print error to STDERR\n    echo \"error: The sandbox is not in sync with the Podfile.lock. Run 'pod install' or update your CocoaPods installation.\" >&2\n    exit 1\nfi\n";
			showEnvVarsInLog = 0;
		};
		59C1F67151EBF1D54C3E46E2 /* [CP] Embed Pods Frameworks */ = {
			isa = PBXShellScriptBuildPhase;
			buildActionMask = 2147483647;
			files = (
			);
			inputPaths = (
			);
			name = "[CP] Embed Pods Frameworks";
			outputPaths = (
			);
			runOnlyForDeploymentPostprocessing = 0;
			shellPath = /bin/sh;
			shellScript = "\"${SRCROOT}/Pods/Target Support Files/Pods-GYHelpToolsSwift/Pods-GYHelpToolsSwift-frameworks.sh\"\n";
			showEnvVarsInLog = 0;
		};
/* End PBXShellScriptBuildPhase section */

/* Begin PBXSourcesBuildPhase section */
		B7A5072A1DE5A13900787B99 /* Sources */ = {
			isa = PBXSourcesBuildPhase;
			buildActionMask = 2147483647;
			files = (
				B70C9F211E9DF18700355180 /* User.swift in Sources */,
				B7F4CFF41E14E62600BC94B5 /* GYTabBarViewController.swift in Sources */,
				B7F4D0061E14E96A00BC94B5 /* GYSwizzle.swift in Sources */,
				B70A37E61DED439B00103F83 /* NSData+GYExtension.swift in Sources */,
				B7A507341DE5A13900787B99 /* ViewController.swift in Sources */,
				B70A37EA1DED475800103F83 /* NSFileManager+GYExtension.swift in Sources */,
				B70A368F1DED30CC00103F83 /* UIColor+GYExtension.swift in Sources */,
				B7A507321DE5A13900787B99 /* AppDelegate.swift in Sources */,
				B7A686061EA0CBC700E291F9 /* ServiceApi.swift in Sources */,
				B7F4CFF71E14E65F00BC94B5 /* OneViewController.swift in Sources */,
				B7A686081EA0CC6900E291F9 /* Router.swift in Sources */,
				B7F4D00A1E14E97400BC94B5 /* GYNavViewController.swift in Sources */,
				B70A37E41DED30CD00103F83 /* UIView+GYExtension.swift in Sources */,
				B7A685FC1EA0976E00E291F9 /* AccessTokenAdapter.swift in Sources */,
				B70C9F291E9E040B00355180 /* GYHttpRequest.swift in Sources */,
				B7F4D00C1E14EEB200BC94B5 /* NextViewController.swift in Sources */,
				B7F4CFFD1E14E67200BC94B5 /* FourViewController.swift in Sources */,
				B7F4D0081E14E96A00BC94B5 /* UIViewController+GYNavigationBarTransition.swift in Sources */,
				B70A36911DED30CC00103F83 /* UIImage+GYExtension.swift in Sources */,
				B70A37EC1DED48AD00103F83 /* String+GYExtension.swift in Sources */,
				B70C9F2B1E9E047A00355180 /* GYHTTPParsable.swift in Sources */,
				B70C9F271E9E039200355180 /* GYHTTPClient.swift in Sources */,
				B70A37E81DED456600103F83 /* NSDate+GYExtension.swift in Sources */,
				B7F4D0051E14E96A00BC94B5 /* GYNavigatiionBarTransition.swift in Sources */,
				B7F4D0071E14E96A00BC94B5 /* GYWeakObjectContainer.swift in Sources */,
				B7F4CFF91E14E66500BC94B5 /* TwoViewController.swift in Sources */,
				B70A368D1DED30CC00103F83 /* UIApplication+GYExtension.swift in Sources */,
				B7F4CFFB1E14E66A00BC94B5 /* ThreeViewController.swift in Sources */,
				B70C9F2D1E9E228B00355180 /* GYNetWorking.swift in Sources */,
				B70A368E1DED30CC00103F83 /* UIButton+GYExtension.swift in Sources */,
				B7F4D0041E14E96A00BC94B5 /* DispatchQueue+GYExtension.swift in Sources */,
				B70A36901DED30CC00103F83 /* UIDevice+GYExtension.swift in Sources */,
				B70A36921DED30CC00103F83 /* UIImageView+GYBlur.swift in Sources */,
				B7A685FE1EA09A6500E291F9 /* OAuth2Handler.swift in Sources */,
			);
			runOnlyForDeploymentPostprocessing = 0;
		};
		B7A5073E1DE5A13900787B99 /* Sources */ = {
			isa = PBXSourcesBuildPhase;
			buildActionMask = 2147483647;
			files = (
				B7A507471DE5A13900787B99 /* GYHelpToolsSwiftTests.swift in Sources */,
			);
			runOnlyForDeploymentPostprocessing = 0;
		};
		B7A507491DE5A13900787B99 /* Sources */ = {
			isa = PBXSourcesBuildPhase;
			buildActionMask = 2147483647;
			files = (
				B7A507521DE5A13900787B99 /* GYHelpToolsSwiftUITests.swift in Sources */,
			);
			runOnlyForDeploymentPostprocessing = 0;
		};
/* End PBXSourcesBuildPhase section */

/* Begin PBXTargetDependency section */
		B7A507441DE5A13900787B99 /* PBXTargetDependency */ = {
			isa = PBXTargetDependency;
			target = B7A5072D1DE5A13900787B99 /* GYHelpToolsSwift */;
			targetProxy = B7A507431DE5A13900787B99 /* PBXContainerItemProxy */;
		};
		B7A5074F1DE5A13900787B99 /* PBXTargetDependency */ = {
			isa = PBXTargetDependency;
			target = B7A5072D1DE5A13900787B99 /* GYHelpToolsSwift */;
			targetProxy = B7A5074E1DE5A13900787B99 /* PBXContainerItemProxy */;
		};
/* End PBXTargetDependency section */

/* Begin PBXVariantGroup section */
		B7A507351DE5A13900787B99 /* Main.storyboard */ = {
			isa = PBXVariantGroup;
			children = (
				B7A507361DE5A13900787B99 /* Base */,
			);
			name = Main.storyboard;
			sourceTree = "<group>";
		};
		B7A5073A1DE5A13900787B99 /* LaunchScreen.storyboard */ = {
			isa = PBXVariantGroup;
			children = (
				B7A5073B1DE5A13900787B99 /* Base */,
			);
			name = LaunchScreen.storyboard;
			sourceTree = "<group>";
		};
/* End PBXVariantGroup section */

/* Begin XCBuildConfiguration section */
		B7A507541DE5A13900787B99 /* Debug */ = {
			isa = XCBuildConfiguration;
			buildSettings = {
				ALWAYS_SEARCH_USER_PATHS = NO;
				CLANG_ANALYZER_NONNULL = YES;
				CLANG_CXX_LANGUAGE_STANDARD = "gnu++0x";
				CLANG_CXX_LIBRARY = "libc++";
				CLANG_ENABLE_MODULES = YES;
				CLANG_ENABLE_OBJC_ARC = YES;
				CLANG_WARN_BOOL_CONVERSION = YES;
				CLANG_WARN_CONSTANT_CONVERSION = YES;
				CLANG_WARN_DIRECT_OBJC_ISA_USAGE = YES_ERROR;
				CLANG_WARN_DOCUMENTATION_COMMENTS = YES;
				CLANG_WARN_EMPTY_BODY = YES;
				CLANG_WARN_ENUM_CONVERSION = YES;
				CLANG_WARN_INFINITE_RECURSION = YES;
				CLANG_WARN_INT_CONVERSION = YES;
				CLANG_WARN_OBJC_ROOT_CLASS = YES_ERROR;
				CLANG_WARN_SUSPICIOUS_MOVES = YES;
				CLANG_WARN_UNREACHABLE_CODE = YES;
				CLANG_WARN__DUPLICATE_METHOD_MATCH = YES;
				"CODE_SIGN_IDENTITY[sdk=iphoneos*]" = "iPhone Developer";
				COPY_PHASE_STRIP = NO;
				DEBUG_INFORMATION_FORMAT = dwarf;
				ENABLE_STRICT_OBJC_MSGSEND = YES;
				ENABLE_TESTABILITY = YES;
				GCC_C_LANGUAGE_STANDARD = gnu99;
				GCC_DYNAMIC_NO_PIC = NO;
				GCC_NO_COMMON_BLOCKS = YES;
				GCC_OPTIMIZATION_LEVEL = 0;
				GCC_PREPROCESSOR_DEFINITIONS = (
					"DEBUG=1",
					"$(inherited)",
				);
				GCC_WARN_64_TO_32_BIT_CONVERSION = YES;
				GCC_WARN_ABOUT_RETURN_TYPE = YES_ERROR;
				GCC_WARN_UNDECLARED_SELECTOR = YES;
				GCC_WARN_UNINITIALIZED_AUTOS = YES_AGGRESSIVE;
				GCC_WARN_UNUSED_FUNCTION = YES;
				GCC_WARN_UNUSED_VARIABLE = YES;
				IPHONEOS_DEPLOYMENT_TARGET = 10.0;
				MTL_ENABLE_DEBUG_INFO = YES;
				ONLY_ACTIVE_ARCH = YES;
				SDKROOT = iphoneos;
				SWIFT_ACTIVE_COMPILATION_CONDITIONS = DEBUG;
				SWIFT_OPTIMIZATION_LEVEL = "-Onone";
			};
			name = Debug;
		};
		B7A507551DE5A13900787B99 /* Release */ = {
			isa = XCBuildConfiguration;
			buildSettings = {
				ALWAYS_SEARCH_USER_PATHS = NO;
				CLANG_ANALYZER_NONNULL = YES;
				CLANG_CXX_LANGUAGE_STANDARD = "gnu++0x";
				CLANG_CXX_LIBRARY = "libc++";
				CLANG_ENABLE_MODULES = YES;
				CLANG_ENABLE_OBJC_ARC = YES;
				CLANG_WARN_BOOL_CONVERSION = YES;
				CLANG_WARN_CONSTANT_CONVERSION = YES;
				CLANG_WARN_DIRECT_OBJC_ISA_USAGE = YES_ERROR;
				CLANG_WARN_DOCUMENTATION_COMMENTS = YES;
				CLANG_WARN_EMPTY_BODY = YES;
				CLANG_WARN_ENUM_CONVERSION = YES;
				CLANG_WARN_INFINITE_RECURSION = YES;
				CLANG_WARN_INT_CONVERSION = YES;
				CLANG_WARN_OBJC_ROOT_CLASS = YES_ERROR;
				CLANG_WARN_SUSPICIOUS_MOVES = YES;
				CLANG_WARN_UNREACHABLE_CODE = YES;
				CLANG_WARN__DUPLICATE_METHOD_MATCH = YES;
				"CODE_SIGN_IDENTITY[sdk=iphoneos*]" = "iPhone Developer";
				COPY_PHASE_STRIP = NO;
				DEBUG_INFORMATION_FORMAT = "dwarf-with-dsym";
				ENABLE_NS_ASSERTIONS = NO;
				ENABLE_STRICT_OBJC_MSGSEND = YES;
				GCC_C_LANGUAGE_STANDARD = gnu99;
				GCC_NO_COMMON_BLOCKS = YES;
				GCC_WARN_64_TO_32_BIT_CONVERSION = YES;
				GCC_WARN_ABOUT_RETURN_TYPE = YES_ERROR;
				GCC_WARN_UNDECLARED_SELECTOR = YES;
				GCC_WARN_UNINITIALIZED_AUTOS = YES_AGGRESSIVE;
				GCC_WARN_UNUSED_FUNCTION = YES;
				GCC_WARN_UNUSED_VARIABLE = YES;
				IPHONEOS_DEPLOYMENT_TARGET = 10.0;
				MTL_ENABLE_DEBUG_INFO = NO;
				SDKROOT = iphoneos;
				SWIFT_OPTIMIZATION_LEVEL = "-Owholemodule";
				VALIDATE_PRODUCT = YES;
			};
			name = Release;
		};
		B7A507571DE5A13900787B99 /* Debug */ = {
			isa = XCBuildConfiguration;
			baseConfigurationReference = 5B57BBC7722ADC7E1C972115 /* Pods-GYHelpToolsSwift.debug.xcconfig */;
			buildSettings = {
				ASSETCATALOG_COMPILER_APPICON_NAME = AppIcon;
				DEVELOPMENT_TEAM = UZZG6NM74T;
				INFOPLIST_FILE = GYHelpToolsSwift/Info.plist;
				IPHONEOS_DEPLOYMENT_TARGET = 8.0;
				LD_RUNPATH_SEARCH_PATHS = "$(inherited) @executable_path/Frameworks";
				PRODUCT_BUNDLE_IDENTIFIER = com.Ozner.GYHelpToolsSwift;
				PRODUCT_NAME = "$(TARGET_NAME)";
				SWIFT_VERSION = 3.0;
			};
			name = Debug;
		};
		B7A507581DE5A13900787B99 /* Release */ = {
			isa = XCBuildConfiguration;
			baseConfigurationReference = E457FC8BE957D515A5C7C575 /* Pods-GYHelpToolsSwift.release.xcconfig */;
			buildSettings = {
				ASSETCATALOG_COMPILER_APPICON_NAME = AppIcon;
				DEVELOPMENT_TEAM = UZZG6NM74T;
				INFOPLIST_FILE = GYHelpToolsSwift/Info.plist;
				IPHONEOS_DEPLOYMENT_TARGET = 8.0;
				LD_RUNPATH_SEARCH_PATHS = "$(inherited) @executable_path/Frameworks";
				PRODUCT_BUNDLE_IDENTIFIER = com.Ozner.GYHelpToolsSwift;
				PRODUCT_NAME = "$(TARGET_NAME)";
				SWIFT_VERSION = 3.0;
			};
			name = Release;
		};
		B7A5075A1DE5A13900787B99 /* Debug */ = {
			isa = XCBuildConfiguration;
			buildSettings = {
				ALWAYS_EMBED_SWIFT_STANDARD_LIBRARIES = YES;
				BUNDLE_LOADER = "$(TEST_HOST)";
				DEVELOPMENT_TEAM = NFC68K2BKB;
				INFOPLIST_FILE = GYHelpToolsSwiftTests/Info.plist;
				LD_RUNPATH_SEARCH_PATHS = "$(inherited) @executable_path/Frameworks @loader_path/Frameworks";
				PRODUCT_BUNDLE_IDENTIFIER = com.Ozner.GYHelpToolsSwiftTests;
				PRODUCT_NAME = "$(TARGET_NAME)";
				SWIFT_VERSION = 3.0;
				TEST_HOST = "$(BUILT_PRODUCTS_DIR)/GYHelpToolsSwift.app/GYHelpToolsSwift";
			};
			name = Debug;
		};
		B7A5075B1DE5A13900787B99 /* Release */ = {
			isa = XCBuildConfiguration;
			buildSettings = {
				ALWAYS_EMBED_SWIFT_STANDARD_LIBRARIES = YES;
				BUNDLE_LOADER = "$(TEST_HOST)";
				DEVELOPMENT_TEAM = NFC68K2BKB;
				INFOPLIST_FILE = GYHelpToolsSwiftTests/Info.plist;
				LD_RUNPATH_SEARCH_PATHS = "$(inherited) @executable_path/Frameworks @loader_path/Frameworks";
				PRODUCT_BUNDLE_IDENTIFIER = com.Ozner.GYHelpToolsSwiftTests;
				PRODUCT_NAME = "$(TARGET_NAME)";
				SWIFT_VERSION = 3.0;
				TEST_HOST = "$(BUILT_PRODUCTS_DIR)/GYHelpToolsSwift.app/GYHelpToolsSwift";
			};
			name = Release;
		};
		B7A5075D1DE5A13900787B99 /* Debug */ = {
			isa = XCBuildConfiguration;
			buildSettings = {
				ALWAYS_EMBED_SWIFT_STANDARD_LIBRARIES = YES;
				DEVELOPMENT_TEAM = NFC68K2BKB;
				INFOPLIST_FILE = GYHelpToolsSwiftUITests/Info.plist;
				LD_RUNPATH_SEARCH_PATHS = "$(inherited) @executable_path/Frameworks @loader_path/Frameworks";
				PRODUCT_BUNDLE_IDENTIFIER = com.Ozner.GYHelpToolsSwiftUITests;
				PRODUCT_NAME = "$(TARGET_NAME)";
				SWIFT_VERSION = 3.0;
				TEST_TARGET_NAME = GYHelpToolsSwift;
			};
			name = Debug;
		};
		B7A5075E1DE5A13900787B99 /* Release */ = {
			isa = XCBuildConfiguration;
			buildSettings = {
				ALWAYS_EMBED_SWIFT_STANDARD_LIBRARIES = YES;
				DEVELOPMENT_TEAM = NFC68K2BKB;
				INFOPLIST_FILE = GYHelpToolsSwiftUITests/Info.plist;
				LD_RUNPATH_SEARCH_PATHS = "$(inherited) @executable_path/Frameworks @loader_path/Frameworks";
				PRODUCT_BUNDLE_IDENTIFIER = com.Ozner.GYHelpToolsSwiftUITests;
				PRODUCT_NAME = "$(TARGET_NAME)";
				SWIFT_VERSION = 3.0;
				TEST_TARGET_NAME = GYHelpToolsSwift;
			};
			name = Release;
		};
/* End XCBuildConfiguration section */

/* Begin XCConfigurationList section */
		B7A507291DE5A13900787B99 /* Build configuration list for PBXProject "GYHelpToolsSwift" */ = {
			isa = XCConfigurationList;
			buildConfigurations = (
				B7A507541DE5A13900787B99 /* Debug */,
				B7A507551DE5A13900787B99 /* Release */,
			);
			defaultConfigurationIsVisible = 0;
			defaultConfigurationName = Release;
		};
		B7A507561DE5A13900787B99 /* Build configuration list for PBXNativeTarget "GYHelpToolsSwift" */ = {
			isa = XCConfigurationList;
			buildConfigurations = (
				B7A507571DE5A13900787B99 /* Debug */,
				B7A507581DE5A13900787B99 /* Release */,
			);
			defaultConfigurationIsVisible = 0;
			defaultConfigurationName = Release;
		};
		B7A507591DE5A13900787B99 /* Build configuration list for PBXNativeTarget "GYHelpToolsSwiftTests" */ = {
			isa = XCConfigurationList;
			buildConfigurations = (
				B7A5075A1DE5A13900787B99 /* Debug */,
				B7A5075B1DE5A13900787B99 /* Release */,
			);
			defaultConfigurationIsVisible = 0;
			defaultConfigurationName = Release;
		};
		B7A5075C1DE5A13900787B99 /* Build configuration list for PBXNativeTarget "GYHelpToolsSwiftUITests" */ = {
			isa = XCConfigurationList;
			buildConfigurations = (
				B7A5075D1DE5A13900787B99 /* Debug */,
				B7A5075E1DE5A13900787B99 /* Release */,
			);
			defaultConfigurationIsVisible = 0;
			defaultConfigurationName = Release;
		};
/* End XCConfigurationList section */
	};
	rootObject = B7A507261DE5A13900787B99 /* Project object */;
}
